
Microsoft Visual Studio Solution File, Format Version 12.00
# Visual Studio 15
VisualStudioVersion = 15.0.28307.329
MinimumVisualStudioVersion = 10.0.40219.1
Project("{FAE04EC0-301F-11D3-BF4B-00C04F79EFBC}") = "BookShop", "BookShop\BookShop.csproj", "{C692A1AC-336B-46D6-A42D-C8613233D763}"
EndProject
Project("{FAE04EC0-301F-11D3-BF4B-00C04F79EFBC}") = "Tests", "Tests\Tests.csproj", "{BD68B038-31CA-4F9C-87F8-8A3ECD776E61}"
EndProject
Project("{2150E333-8FDC-42A3-9474-1A3956D46DE8}") = "Solution Items", "Solution Items", "{5066D456-CE8C-4469-ACE0-53BBC165AAE5}"
	ProjectSection(SolutionItems) = preProject
		BookShop.dtd = BookShop.dtd
	EndProjectSection
EndProject
Project("{FAE04EC0-301F-11D3-BF4B-00C04F79EFBC}") = "Presentation", "Presentation\Presentation.csproj", "{B87E4C5E-1E32-4811-B379-9A11659781C4}"
EndProject
Global
	GlobalSection(SolutionConfigurationPlatforms) = preSolution
		Debug|Any CPU = Debug|Any CPU
		Release|Any CPU = Release|Any CPU
	EndGlobalSection
	GlobalSection(ProjectConfigurationPlatforms) = postSolution
		{C692A1AC-336B-46D6-A42D-C8613233D763}.Debug|Any CPU.ActiveCfg = Debug|Any CPU
		{C692A1AC-336B-46D6-A42D-C8613233D763}.Debug|Any CPU.Build.0 = Debug|Any CPU
		{C692A1AC-336B-46D6-A42D-C8613233D763}.Release|Any CPU.ActiveCfg = Release|Any CPU
		{C692A1AC-336B-46D6-A42D-C8613233D763}.Release|Any CPU.Build.0 = Release|Any CPU
		{BD68B038-31CA-4F9C-87F8-8A3ECD776E61}.Debug|Any CPU.ActiveCfg = Debug|Any CPU
		{BD68B038-31CA-4F9C-87F8-8A3ECD776E61}.Debug|Any CPU.Build.0 = Debug|Any CPU
		{BD68B038-31CA-4F9C-87F8-8A3ECD776E61}.Release|Any CPU.ActiveCfg = Release|Any CPU
		{BD68B038-31CA-4F9C-87F8-8A3ECD776E61}.Release|Any CPU.Build.0 = Release|Any CPU
		{B87E4C5E-1E32-4811-B379-9A11659781C4}.Debug|Any CPU.ActiveCfg = Debug|Any CPU
		{B87E4C5E-1E32-4811-B379-9A11659781C4}.Debug|Any CPU.Build.0 = Debug|Any CPU
		{B87E4C5E-1E32-4811-B379-9A11659781C4}.Release|Any CPU.ActiveCfg = Release|Any CPU
		{B87E4C5E-1E32-4811-B379-9A11659781C4}.Release|Any CPU.Build.0 = Release|Any CPU
	EndGlobalSection
	GlobalSection(SolutionProperties) = preSolution
		HideSolutionNode = FALSE
	EndGlobalSection
	GlobalSection(ExtensibilityGlobals) = postSolution
		SolutionGuid = {BC0023DA-A725-4201-AE33-CC37E2041BFB}
	EndGlobalSection
EndGlobal
